
Microsoft Visual Studio Solution File, Format Version 12.00
# Visual Studio Version 16
VisualStudioVersion = 16.0.30413.136
MinimumVisualStudioVersion = 10.0.40219.1
Project("{FAE04EC0-301F-11D3-BF4B-00C04F79EFBC}") = "EarthquakeMap", "EarthquakeMap\EarthquakeMap.csproj", "{B1891FD3-731A-44BE-BB62-9642B34A2BCF}"
EndProject
Global
	GlobalSection(SolutionConfigurationPlatforms) = preSolution
		Debug|Any CPU = Debug|Any CPU
		Release|Any CPU = Release|Any CPU
	EndGlobalSection
	GlobalSection(ProjectConfigurationPlatforms) = postSolution
		{B1891FD3-731A-44BE-BB62-9642B34A2BCF}.Debug|Any CPU.ActiveCfg = Debug|Any CPU
		{B1891FD3-731A-44BE-BB62-9642B34A2BCF}.Debug|Any CPU.Build.0 = Debug|Any CPU
		{B1891FD3-731A-44BE-BB62-9642B34A2BCF}.Release|Any CPU.ActiveCfg = Release|Any CPU
		{B1891FD3-731A-44BE-BB62-9642B34A2BCF}.Release|Any CPU.Build.0 = Release|Any CPU
	EndGlobalSection
	GlobalSection(SolutionProperties) = preSolution
		HideSolutionNode = FALSE
	EndGlobalSection
	GlobalSection(ExtensibilityGlobals) = postSolution
		SolutionGuid = {F68D07F6-F6A1-4DC2-9CD5-20069DA642A1}
	EndGlobalSection
EndGlobal
